<Solution>
  <Folder Name="/css/">
    <File Path="../OnlinePortfolioHTMLTemplate/Kards10/css/styles.css" />
  </Folder>
  <Folder Name="/images/">
    <File Path="../OnlinePortfolioHTMLTemplate/HTMLPortfolio/images/bg.jpg" />
    <File Path="../OnlinePortfolioHTMLTemplate/HTMLPortfolio/images/intro-bg.jpg" />
    <File Path="../OnlinePortfolioHTMLTemplate/HTMLPortfolio/images/logo.png" />
    <File Path="../OnlinePortfolioHTMLTemplate/HTMLPortfolio/images/profile-pic.jpg" />
    <File Path="../OnlinePortfolioHTMLTemplate/HTMLPortfolio/images/profile-pic2.jpg" />
    <File Path="../OnlinePortfolioHTMLTemplate/HTMLPortfolio/images/sample-image.jpg" />
  </Folder>
  <Folder Name="/images/portfolio/">
    <File Path="../OnlinePortfolioHTMLTemplate/HTMLPortfolio/images/bg.jpg" />
    <File Path="../OnlinePortfolioHTMLTemplate/HTMLPortfolio/images/portfolio/beetle.jpg" />
    <File Path="../OnlinePortfolioHTMLTemplate/HTMLPortfolio/images/portfolio/clouds.jpg" />
    <File Path="../OnlinePortfolioHTMLTemplate/HTMLPortfolio/images/portfolio/companymanagement.png" />
    <File Path="../OnlinePortfolioHTMLTemplate/HTMLPortfolio/images/portfolio/ecommerce.png" />
    <File Path="../OnlinePortfolioHTMLTemplate/HTMLPortfolio/images/portfolio/game.png" />
    <File Path="../OnlinePortfolioHTMLTemplate/HTMLPortfolio/images/portfolio/gpo.png" />
    <File Path="../OnlinePortfolioHTMLTemplate/HTMLPortfolio/images/portfolio/internetbanking.png" />
    <File Path="../OnlinePortfolioHTMLTemplate/HTMLPortfolio/images/portfolio/lehalima.png" />
    <File Path="../OnlinePortfolioHTMLTemplate/HTMLPortfolio/images/portfolio/liberty.jpg" />
    <File Path="../OnlinePortfolioHTMLTemplate/HTMLPortfolio/images/portfolio/lighthouse.jpg" />
    <File Path="../OnlinePortfolioHTMLTemplate/HTMLPortfolio/images/portfolio/lms.png" />
    <File Path="../OnlinePortfolioHTMLTemplate/HTMLPortfolio/images/portfolio/msbiproject.png" />
    <File Path="../OnlinePortfolioHTMLTemplate/HTMLPortfolio/images/portfolio/pythonproject.png" />
    <File Path="../OnlinePortfolioHTMLTemplate/HTMLPortfolio/images/portfolio/salad.jpg" />
    <File Path="../OnlinePortfolioHTMLTemplate/HTMLPortfolio/images/portfolio/shutterbug.jpg" />
    <File Path="../OnlinePortfolioHTMLTemplate/HTMLPortfolio/images/portfolio/thatin.png" />
    <File Path="../OnlinePortfolioHTMLTemplate/HTMLPortfolio/images/portfolio/thoth.png" />
    <File Path="../OnlinePortfolioHTMLTemplate/HTMLPortfolio/images/portfolio/XEOHEALTH.png" />
  </Folder>
  <Folder Name="/images/portfolio/modals/">
    <File Path="../OnlinePortfolioHTMLTemplate/HTMLPortfolio/images/portfolio/modals/companymanagement.png" />
    <File Path="../OnlinePortfolioHTMLTemplate/HTMLPortfolio/images/portfolio/modals/ecommerce.png" />
    <File Path="../OnlinePortfolioHTMLTemplate/HTMLPortfolio/images/portfolio/modals/game.png" />
    <File Path="../OnlinePortfolioHTMLTemplate/HTMLPortfolio/images/portfolio/modals/gpo.png" />
    <File Path="../OnlinePortfolioHTMLTemplate/HTMLPortfolio/images/portfolio/modals/internetbanking.png" />
    <File Path="../OnlinePortfolioHTMLTemplate/HTMLPortfolio/images/portfolio/modals/lehalima.png" />
    <File Path="../OnlinePortfolioHTMLTemplate/HTMLPortfolio/images/portfolio/modals/lms.png" />
    <File Path="../OnlinePortfolioHTMLTemplate/HTMLPortfolio/images/portfolio/modals/m-beetle.jpg" />
    <File Path="../OnlinePortfolioHTMLTemplate/HTMLPortfolio/images/portfolio/modals/m-clouds.jpg" />
    <File Path="../OnlinePortfolioHTMLTemplate/HTMLPortfolio/images/portfolio/modals/m-liberty.jpg" />
    <File Path="../OnlinePortfolioHTMLTemplate/HTMLPortfolio/images/portfolio/modals/m-lighthouse.jpg" />
    <File Path="../OnlinePortfolioHTMLTemplate/HTMLPortfolio/images/portfolio/modals/m-salad.jpg" />
    <File Path="../OnlinePortfolioHTMLTemplate/HTMLPortfolio/images/portfolio/modals/m-shutterbug.jpg" />
    <File Path="../OnlinePortfolioHTMLTemplate/HTMLPortfolio/images/portfolio/modals/msbiproject.png" />
    <File Path="../OnlinePortfolioHTMLTemplate/HTMLPortfolio/images/portfolio/modals/pythonproject.png" />
    <File Path="../OnlinePortfolioHTMLTemplate/HTMLPortfolio/images/portfolio/modals/thatin.png" />
    <File Path="../OnlinePortfolioHTMLTemplate/HTMLPortfolio/images/portfolio/modals/thoth.png" />
    <File Path="../OnlinePortfolioHTMLTemplate/HTMLPortfolio/images/portfolio/modals/XEOHEALTH.png" />
  </Folder>
  <Folder Name="/inc/">
    <File Path="../OnlinePortfolioHTMLTemplate/HTMLPortfolio/inc/sendEmail.php" />
  </Folder>
  <Folder Name="/js/">
    <File Path="../OnlinePortfolioHTMLTemplate/HTMLPortfolio/js/main.js" />
    <File Path="../OnlinePortfolioHTMLTemplate/HTMLPortfolio/js/plugins.js" />
  </Folder>
  <Folder Name="/less/">
    <File Path="../OnlinePortfolioHTMLTemplate/HTMLPortfolio/less/base.less" />
    <File Path="../OnlinePortfolioHTMLTemplate/HTMLPortfolio/less/config.less" />
    <File Path="../OnlinePortfolioHTMLTemplate/HTMLPortfolio/less/config.less.tpl" />
    <File Path="../OnlinePortfolioHTMLTemplate/HTMLPortfolio/less/fonts.less" />
    <File Path="../OnlinePortfolioHTMLTemplate/HTMLPortfolio/less/main.less" />
    <File Path="../OnlinePortfolioHTMLTemplate/HTMLPortfolio/less/styles.less" />
    <File Path="../OnlinePortfolioHTMLTemplate/HTMLPortfolio/less/vendor.less" />
  </Folder>
  <Folder Name="/less/fonts/" />
  <Folder Name="/less/fonts/lora/">
    <File Path="../OnlinePortfolioHTMLTemplate/HTMLPortfolio/less/fonts/lora/lora-bold-italic.css" />
    <File Path="../OnlinePortfolioHTMLTemplate/HTMLPortfolio/less/fonts/lora/lora-bold.css" />
    <File Path="../OnlinePortfolioHTMLTemplate/HTMLPortfolio/less/fonts/lora/lora-italic.css" />
    <File Path="../OnlinePortfolioHTMLTemplate/HTMLPortfolio/less/fonts/lora/lora-regular.css" />
  </Folder>
  <Folder Name="/less/fonts/poppins/">
    <File Path="../OnlinePortfolioHTMLTemplate/HTMLPortfolio/less/fonts/poppins/poppins-bold.css" />
    <File Path="../OnlinePortfolioHTMLTemplate/HTMLPortfolio/less/fonts/poppins/poppins-light.css" />
    <File Path="../OnlinePortfolioHTMLTemplate/HTMLPortfolio/less/fonts/poppins/poppins-medium.css" />
    <File Path="../OnlinePortfolioHTMLTemplate/HTMLPortfolio/less/fonts/poppins/poppins-regular.css" />
    <File Path="../OnlinePortfolioHTMLTemplate/HTMLPortfolio/less/fonts/poppins/poppins-semibold.css" />
  </Folder>
  <Folder Name="/less/micons/">
    <File Path="../OnlinePortfolioHTMLTemplate/HTMLPortfolio/less/micons/micons.less" />
  </Folder>
  <Folder Name="/less/micons/fonts/">
    <File Path="../OnlinePortfolioHTMLTemplate/HTMLPortfolio/less/micons/fonts/icomoon.css" />
  </Folder>
  <Folder Name="/Solution Items/">
    <File Path="../OnlinePortfolioHTMLTemplate/HTMLPortfolio/favicon.png" />
    <File Path="../OnlinePortfolioHTMLTemplate/HTMLPortfolio/index.html" />
  </Folder>
  <Project Path="PortfolioHTMLTemplate/PortfolioHTMLTemplate.vbproj" />
</Solution>
